// !$*UTF8*$!
{
	archiveVersion = 1;
	classes = {
	};
	objectVersion = 50;
	objects = {

/* Begin PBXBuildFile section */
		B815B14920DE465B00E6640F /* AppDelegate.swift in Sources */ = {isa = PBXBuildFile; fileRef = B815B14820DE465B00E6640F /* AppDelegate.swift */; };
		B815B14B20DE465B00E6640F /* ViewController.swift in Sources */ = {isa = PBXBuildFile; fileRef = B815B14A20DE465B00E6640F /* ViewController.swift */; };
		B815B14E20DE465B00E6640F /* Main.storyboard in Resources */ = {isa = PBXBuildFile; fileRef = B815B14C20DE465B00E6640F /* Main.storyboard */; };
		B815B15020DE465D00E6640F /* Assets.xcassets in Resources */ = {isa = PBXBuildFile; fileRef = B815B14F20DE465D00E6640F /* Assets.xcassets */; };
		B815B15320DE465D00E6640F /* LaunchScreen.storyboard in Resources */ = {isa = PBXBuildFile; fileRef = B815B15120DE465D00E6640F /* LaunchScreen.storyboard */; };
		B815B15B20DE489300E6640F /* PreviewViewController.swift in Sources */ = {isa = PBXBuildFile; fileRef = B815B15A20DE489300E6640F /* PreviewViewController.swift */; };
		B815B15D20DE521D00E6640F /* PreviewView.swift in Sources */ = {isa = PBXBuildFile; fileRef = B815B15C20DE521D00E6640F /* PreviewView.swift */; };
		B815B15F20DE61C900E6640F /* Effect.swift in Sources */ = {isa = PBXBuildFile; fileRef = B815B15E20DE61C900E6640F /* Effect.swift */; };
		B815B16120DE7B6900E6640F /* EffectListViewController.swift in Sources */ = {isa = PBXBuildFile; fileRef = B815B16020DE7B6900E6640F /* EffectListViewController.swift */; };
/* End PBXBuildFile section */

/* Begin PBXFileReference section */
		B815B14520DE465B00E6640F /* FaceRuiner.app */ = {isa = PBXFileReference; explicitFileType = wrapper.application; includeInIndex = 0; path = FaceRuiner.app; sourceTree = BUILT_PRODUCTS_DIR; };
		B815B14820DE465B00E6640F /* AppDelegate.swift */ = {isa = PBXFileReference; lastKnownFileType = sourcecode.swift; path = AppDelegate.swift; sourceTree = "<group>"; };
		B815B14A20DE465B00E6640F /* ViewController.swift */ = {isa = PBXFileReference; lastKnownFileType = sourcecode.swift; path = ViewController.swift; sourceTree = "<group>"; };
		B815B14D20DE465B00E6640F /* Base */ = {isa = PBXFileReference; lastKnownFileType = file.storyboard; name = Base; path = Base.lproj/Main.storyboard; sourceTree = "<group>"; };
		B815B14F20DE465D00E6640F /* Assets.xcassets */ = {isa = PBXFileReference; lastKnownFileType = folder.assetcatalog; path = Assets.xcassets; sourceTree = "<group>"; };
		B815B15220DE465D00E6640F /* Base */ = {isa = PBXFileReference; lastKnownFileType = file.storyboard; name = Base; path = Base.lproj/LaunchScreen.storyboard; sourceTree = "<group>"; };
		B815B15420DE465D00E6640F /* Info.plist */ = {isa = PBXFileReference; lastKnownFileType = text.plist.xml; path = Info.plist; sourceTree = "<group>"; };
		B815B15A20DE489300E6640F /* PreviewViewController.swift */ = {isa = PBXFileReference; lastKnownFileType = sourcecode.swift; path = PreviewViewController.swift; sourceTree = "<group>"; };
		B815B15C20DE521D00E6640F /* PreviewView.swift */ = {isa = PBXFileReference; lastKnownFileType = sourcecode.swift; path = PreviewView.swift; sourceTree = "<group>"; };
		B815B15E20DE61C900E6640F /* Effect.swift */ = {isa = PBXFileReference; lastKnownFileType = sourcecode.swift; path = Effect.swift; sourceTree = "<group>"; };
		B815B16020DE7B6900E6640F /* EffectListViewController.swift */ = {isa = PBXFileReference; lastKnownFileType = sourcecode.swift; path = EffectListViewController.swift; sourceTree = "<group>"; };
/* End PBXFileReference section */

/* Begin PBXFrameworksBuildPhase section */
		B815B14220DE465B00E6640F /* Frameworks */ = {
			isa = PBXFrameworksBuildPhase;
			buildActionMask = 2147483647;
			files = (
			);
			runOnlyForDeploymentPostprocessing = 0;
		};
/* End PBXFrameworksBuildPhase section */

/* Begin PBXGroup section */
		B815B13C20DE465B00E6640F = {
			isa = PBXGroup;
			children = (
				B815B14720DE465B00E6640F /* FaceRuiner */,
				B815B14620DE465B00E6640F /* Products */,
			);
			sourceTree = "<group>";
		};
		B815B14620DE465B00E6640F /* Products */ = {
			isa = PBXGroup;
			children = (
				B815B14520DE465B00E6640F /* FaceRuiner.app */,
			);
			name = Products;
			sourceTree = "<group>";
		};
		B815B14720DE465B00E6640F /* FaceRuiner */ = {
			isa = PBXGroup;
			children = (
				B815B14820DE465B00E6640F /* AppDelegate.swift */,
				B815B14A20DE465B00E6640F /* ViewController.swift */,
				B815B15A20DE489300E6640F /* PreviewViewController.swift */,
				B815B16020DE7B6900E6640F /* EffectListViewController.swift */,
				B815B15C20DE521D00E6640F /* PreviewView.swift */,
				B815B15E20DE61C900E6640F /* Effect.swift */,
				B815B14C20DE465B00E6640F /* Main.storyboard */,
				B815B14F20DE465D00E6640F /* Assets.xcassets */,
				B815B15120DE465D00E6640F /* LaunchScreen.storyboard */,
				B815B15420DE465D00E6640F /* Info.plist */,
			);
			path = FaceRuiner;
			sourceTree = "<group>";
		};
/* End PBXGroup section */

/* Begin PBXNativeTarget section */
		B815B14420DE465B00E6640F /* FaceRuiner */ = {
			isa = PBXNativeTarget;
			buildConfigurationList = B815B15720DE465D00E6640F /* Build configuration list for PBXNativeTarget "FaceRuiner" */;
			buildPhases = (
				B815B14120DE465B00E6640F /* Sources */,
				B815B14220DE465B00E6640F /* Frameworks */,
				B815B14320DE465B00E6640F /* Resources */,
			);
			buildRules = (
			);
			dependencies = (
			);
			name = FaceRuiner;
			productName = FaceRuiner;
			productReference = B815B14520DE465B00E6640F /* FaceRuiner.app */;
			productType = "com.apple.product-type.application";
		};
/* End PBXNativeTarget section */

/* Begin PBXProject section */
		B815B13D20DE465B00E6640F /* Project object */ = {
			isa = PBXProject;
			attributes = {
				LastSwiftUpdateCheck = 0940;
				LastUpgradeCheck = 0940;
				ORGANIZATIONNAME = anon;
				TargetAttributes = {
					B815B14420DE465B00E6640F = {
						CreatedOnToolsVersion = 9.4.1;
					};
				};
			};
			buildConfigurationList = B815B14020DE465B00E6640F /* Build configuration list for PBXProject "FaceRuiner" */;
			compatibilityVersion = "Xcode 9.3";
			developmentRegion = en;
			hasScannedForEncodings = 0;
			knownRegions = (
				en,
				Base,
			);
			mainGroup = B815B13C20DE465B00E6640F;
			productRefGroup = B815B14620DE465B00E6640F /* Products */;
			projectDirPath = "";
			projectRoot = "";
			targets = (
				B815B14420DE465B00E6640F /* FaceRuiner */,
			);
		};
/* End PBXProject section */

/* Begin PBXResourcesBuildPhase section */
		B815B14320DE465B00E6640F /* Resources */ = {
			isa = PBXResourcesBuildPhase;
			buildActionMask = 2147483647;
			files = (
				B815B15320DE465D00E6640F /* LaunchScreen.storyboard in Resources */,
				B815B15020DE465D00E6640F /* Assets.xcassets in Resources */,
				B815B14E20DE465B00E6640F /* Main.storyboard in Resources */,
			);
			runOnlyForDeploymentPostprocessing = 0;
		};
/* End PBXResourcesBuildPhase section */

/* Begin PBXSourcesBuildPhase section */
		B815B14120DE465B00E6640F /* Sources */ = {
			isa = PBXSourcesBuildPhase;
			buildActionMask = 2147483647;
			files = (
				B815B15F20DE61C900E6640F /* Effect.swift in Sources */,
				B815B16120DE7B6900E6640F /* EffectListViewController.swift in Sources */,
				B815B14B20DE465B00E6640F /* ViewController.swift in Sources */,
				B815B15D20DE521D00E6640F /* PreviewView.swift in Sources */,
				B815B14920DE465B00E6640F /* AppDelegate.swift in Sources */,
				B815B15B20DE489300E6640F /* PreviewViewController.swift in Sources */,
			);
			runOnlyForDeploymentPostprocessing = 0;
		};
/* End PBXSourcesBuildPhase section */

/* Begin PBXVariantGroup section */
		B815B14C20DE465B00E6640F /* Main.storyboard */ = {
			isa = PBXVariantGroup;
			children = (
				B815B14D20DE465B00E6640F /* Base */,
			);
			name = Main.storyboard;
			sourceTree = "<group>";
		};
		B815B15120DE465D00E6640F /* LaunchScreen.storyboard */ = {
			isa = PBXVariantGroup;
			children = (
				B815B15220DE465D00E6640F /* Base */,
			);
			name = LaunchScreen.storyboard;
			sourceTree = "<group>";
		};
/* End PBXVariantGroup section */

/* Begin XCBuildConfiguration section */
		B815B15520DE465D00E6640F /* Debug */ = {
			isa = XCBuildConfiguration;
			buildSettings = {
				ALWAYS_SEARCH_USER_PATHS = NO;
				CLANG_ANALYZER_NONNULL = YES;
				CLANG_ANALYZER_NUMBER_OBJECT_CONVERSION = YES_AGGRESSIVE;
				CLANG_CXX_LANGUAGE_STANDARD = "gnu++14";
				CLANG_CXX_LIBRARY = "libc++";
				CLANG_ENABLE_MODULES = YES;
				CLANG_ENABLE_OBJC_ARC = YES;
				CLANG_ENABLE_OBJC_WEAK = YES;
				CLANG_WARN_BLOCK_CAPTURE_AUTORELEASING = YES;
				CLANG_WARN_BOOL_CONVERSION = YES;
				CLANG_WARN_COMMA = YES;
				CLANG_WARN_CONSTANT_CONVERSION = YES;
				CLANG_WARN_DEPRECATED_OBJC_IMPLEMENTATIONS = YES;
				CLANG_WARN_DIRECT_OBJC_ISA_USAGE = YES_ERROR;
				CLANG_WARN_DOCUMENTATION_COMMENTS = YES;
				CLANG_WARN_EMPTY_BODY = YES;
				CLANG_WARN_ENUM_CONVERSION = YES;
				CLANG_WARN_INFINITE_RECURSION = YES;
				CLANG_WARN_INT_CONVERSION = YES;
				CLANG_WARN_NON_LITERAL_NULL_CONVERSION = YES;
				CLANG_WARN_OBJC_IMPLICIT_RETAIN_SELF = YES;
				CLANG_WARN_OBJC_LITERAL_CONVERSION = YES;
				CLANG_WARN_OBJC_ROOT_CLASS = YES_ERROR;
				CLANG_WARN_RANGE_LOOP_ANALYSIS = YES;
				CLANG_WARN_STRICT_PROTOTYPES = YES;
				CLANG_WARN_SUSPICIOUS_MOVE = YES;
				CLANG_WARN_UNGUARDED_AVAILABILITY = YES_AGGRESSIVE;
				CLANG_WARN_UNREACHABLE_CODE = YES;
				CLANG_WARN__DUPLICATE_METHOD_MATCH = YES;
				CODE_SIGN_IDENTITY = "iPhone Developer";
				COPY_PHASE_STRIP = NO;
				DEBUG_INFORMATION_FORMAT = dwarf;
				ENABLE_STRICT_OBJC_MSGSEND = YES;
				ENABLE_TESTABILITY = YES;
				GCC_C_LANGUAGE_STANDARD = gnu11;
				GCC_DYNAMIC_NO_PIC = NO;
				GCC_NO_COMMON_BLOCKS = YES;
				GCC_OPTIMIZATION_LEVEL = 0;
				GCC_PREPROCESSOR_DEFINITIONS = (
					"DEBUG=1",
					"$(inherited)",
				);
				GCC_WARN_64_TO_32_BIT_CONVERSION = YES;
				GCC_WARN_ABOUT_RETURN_TYPE = YES_ERROR;
				GCC_WARN_UNDECLARED_SELECTOR = YES;
				GCC_WARN_UNINITIALIZED_AUTOS = YES_AGGRESSIVE;
				GCC_WARN_UNUSED_FUNCTION = YES;
				GCC_WARN_UNUSED_VARIABLE = YES;
				IPHONEOS_DEPLOYMENT_TARGET = 11.4;
				MTL_ENABLE_DEBUG_INFO = YES;
				ONLY_ACTIVE_ARCH = YES;
				SDKROOT = iphoneos;
				SWIFT_ACTIVE_COMPILATION_CONDITIONS = DEBUG;
				SWIFT_OPTIMIZATION_LEVEL = "-Onone";
			};
			name = Debug;
		};
		B815B15620DE465D00E6640F /* Release */ = {
			isa = XCBuildConfiguration;
			buildSettings = {
				ALWAYS_SEARCH_USER_PATHS = NO;
				CLANG_ANALYZER_NONNULL = YES;
				CLANG_ANALYZER_NUMBER_OBJECT_CONVERSION = YES_AGGRESSIVE;
				CLANG_CXX_LANGUAGE_STANDARD = "gnu++14";
				CLANG_CXX_LIBRARY = "libc++";
				CLANG_ENABLE_MODULES = YES;
				CLANG_ENABLE_OBJC_ARC = YES;
				CLANG_ENABLE_OBJC_WEAK = YES;
				CLANG_WARN_BLOCK_CAPTURE_AUTORELEASING = YES;
				CLANG_WARN_BOOL_CONVERSION = YES;
				CLANG_WARN_COMMA = YES;
				CLANG_WARN_CONSTANT_CONVERSION = YES;
				CLANG_WARN_DEPRECATED_OBJC_IMPLEMENTATIONS = YES;
				CLANG_WARN_DIRECT_OBJC_ISA_USAGE = YES_ERROR;
				CLANG_WARN_DOCUMENTATION_COMMENTS = YES;
				CLANG_WARN_EMPTY_BODY = YES;
				CLANG_WARN_ENUM_CONVERSION = YES;
				CLANG_WARN_INFINITE_RECURSION = YES;
				CLANG_WARN_INT_CONVERSION = YES;
				CLANG_WARN_NON_LITERAL_NULL_CONVERSION = YES;
				CLANG_WARN_OBJC_IMPLICIT_RETAIN_SELF = YES;
				CLANG_WARN_OBJC_LITERAL_CONVERSION = YES;
				CLANG_WARN_OBJC_ROOT_CLASS = YES_ERROR;
				CLANG_WARN_RANGE_LOOP_ANALYSIS = YES;
				CLANG_WARN_STRICT_PROTOTYPES = YES;
				CLANG_WARN_SUSPICIOUS_MOVE = YES;
				CLANG_WARN_UNGUARDED_AVAILABILITY = YES_AGGRESSIVE;
				CLANG_WARN_UNREACHABLE_CODE = YES;
				CLANG_WARN__DUPLICATE_METHOD_MATCH = YES;
				CODE_SIGN_IDENTITY = "iPhone Developer";
				COPY_PHASE_STRIP = NO;
				DEBUG_INFORMATION_FORMAT = "dwarf-with-dsym";
				ENABLE_NS_ASSERTIONS = NO;
				ENABLE_STRICT_OBJC_MSGSEND = YES;
				GCC_C_LANGUAGE_STANDARD = gnu11;
				GCC_NO_COMMON_BLOCKS = YES;
				GCC_WARN_64_TO_32_BIT_CONVERSION = YES;
				GCC_WARN_ABOUT_RETURN_TYPE = YES_ERROR;
				GCC_WARN_UNDECLARED_SELECTOR = YES;
				GCC_WARN_UNINITIALIZED_AUTOS = YES_AGGRESSIVE;
				GCC_WARN_UNUSED_FUNCTION = YES;
				GCC_WARN_UNUSED_VARIABLE = YES;
				IPHONEOS_DEPLOYMENT_TARGET = 11.4;
				MTL_ENABLE_DEBUG_INFO = NO;
				SDKROOT = iphoneos;
				SWIFT_COMPILATION_MODE = wholemodule;
				SWIFT_OPTIMIZATION_LEVEL = "-O";
				VALIDATE_PRODUCT = YES;
			};
			name = Release;
		};
		B815B15820DE465D00E6640F /* Debug */ = {
			isa = XCBuildConfiguration;
			buildSettings = {
				ASSETCATALOG_COMPILER_APPICON_NAME = AppIcon;
				CODE_SIGN_STYLE = Automatic;
				DEVELOPMENT_TEAM = 6T937H3SWU;
				INFOPLIST_FILE = FaceRuiner/Info.plist;
				IPHONEOS_DEPLOYMENT_TARGET = 11.0;
				LD_RUNPATH_SEARCH_PATHS = (
					"$(inherited)",
					"@executable_path/Frameworks",
				);
				PRODUCT_BUNDLE_IDENTIFIER = dev.FaceRuiner;
				PRODUCT_NAME = "$(TARGET_NAME)";
				SWIFT_VERSION = 4.0;
				TARGETED_DEVICE_FAMILY = "1,2";
			};
			name = Debug;
		};
		B815B15920DE465D00E6640F /* Release */ = {
			isa = XCBuildConfiguration;
			buildSettings = {
				ASSETCATALOG_COMPILER_APPICON_NAME = AppIcon;
				CODE_SIGN_STYLE = Automatic;
				DEVELOPMENT_TEAM = 6T937H3SWU;
				INFOPLIST_FILE = FaceRuiner/Info.plist;
				IPHONEOS_DEPLOYMENT_TARGET = 11.0;
				LD_RUNPATH_SEARCH_PATHS = (
					"$(inherited)",
					"@executable_path/Frameworks",
				);
				PRODUCT_BUNDLE_IDENTIFIER = dev.FaceRuiner;
				PRODUCT_NAME = "$(TARGET_NAME)";
				SWIFT_VERSION = 4.0;
				TARGETED_DEVICE_FAMILY = "1,2";
			};
			name = Release;
		};
/* End XCBuildConfiguration section */

/* Begin XCConfigurationList section */
		B815B14020DE465B00E6640F /* Build configuration list for PBXProject "FaceRuiner" */ = {
			isa = XCConfigurationList;
			buildConfigurations = (
				B815B15520DE465D00E6640F /* Debug */,
				B815B15620DE465D00E6640F /* Release */,
			);
			defaultConfigurationIsVisible = 0;
			defaultConfigurationName = Release;
		};
		B815B15720DE465D00E6640F /* Build configuration list for PBXNativeTarget "FaceRuiner" */ = {
			isa = XCConfigurationList;
			buildConfigurations = (
				B815B15820DE465D00E6640F /* Debug */,
				B815B15920DE465D00E6640F /* Release */,
			);
			defaultConfigurationIsVisible = 0;
			defaultConfigurationName = Release;
		};
/* End XCConfigurationList section */
	};
	rootObject = B815B13D20DE465B00E6640F /* Project object */;
}
